
Microsoft Visual Studio Solution File, Format Version 12.00
# Visual Studio Version 17
VisualStudioVersion = 17.13.35931.197 d17.13
MinimumVisualStudioVersion = 10.0.40219.1
Project("{FAE04EC0-301F-11D3-BF4B-00C04F79EFBC}") = "projet_fin_etude", "projet_fin_etude\projet_fin_etude.csproj", "{DBB7FB5F-1ED6-484F-8FBC-184F3EA13A7B}"
EndProject
Global
	GlobalSection(SolutionConfigurationPlatforms) = preSolution
		Debug|Any CPU = Debug|Any CPU
		Release|Any CPU = Release|Any CPU
	EndGlobalSection
	GlobalSection(ProjectConfigurationPlatforms) = postSolution
		{DBB7FB5F-1ED6-484F-8FBC-184F3EA13A7B}.Debug|Any CPU.ActiveCfg = Debug|Any CPU
		{DBB7FB5F-1ED6-484F-8FBC-184F3EA13A7B}.Debug|Any CPU.Build.0 = Debug|Any CPU
		{DBB7FB5F-1ED6-484F-8FBC-184F3EA13A7B}.Release|Any CPU.ActiveCfg = Release|Any CPU
		{DBB7FB5F-1ED6-484F-8FBC-184F3EA13A7B}.Release|Any CPU.Build.0 = Release|Any CPU
	EndGlobalSection
	GlobalSection(SolutionProperties) = preSolution
		HideSolutionNode = FALSE
	EndGlobalSection
	GlobalSection(ExtensibilityGlobals) = postSolution
		SolutionGuid = {DE699F53-19BB-407A-8726-C9346AFCCE23}
	EndGlobalSection
EndGlobal
